
Microsoft Visual Studio Solution File, Format Version 12.00
# Visual Studio Version 16
VisualStudioVersion = 16.0.30413.136
MinimumVisualStudioVersion = 10.0.40219.1
Project("{9A19103F-16F7-4668-BE54-9A1E7A4F7556}") = "MJPEG.Core", "MJPEG.Core\MJPEG.Core.csproj", "{0F965D10-EC25-4CBB-86CD-059E3E84C799}"
EndProject
Project("{FAE04EC0-301F-11D3-BF4B-00C04F79EFBC}") = "FrameSaver", "FrameSaver\FrameSaver.csproj", "{3B1D94FE-CDA6-43E9-83ED-BF2B66648B39}"
EndProject
Global
	GlobalSection(SolutionConfigurationPlatforms) = preSolution
		Debug|Any CPU = Debug|Any CPU
		Release|Any CPU = Release|Any CPU
	EndGlobalSection
	GlobalSection(ProjectConfigurationPlatforms) = postSolution
		{0F965D10-EC25-4CBB-86CD-059E3E84C799}.Debug|Any CPU.ActiveCfg = Debug|Any CPU
		{0F965D10-EC25-4CBB-86CD-059E3E84C799}.Debug|Any CPU.Build.0 = Debug|Any CPU
		{0F965D10-EC25-4CBB-86CD-059E3E84C799}.Release|Any CPU.ActiveCfg = Release|Any CPU
		{0F965D10-EC25-4CBB-86CD-059E3E84C799}.Release|Any CPU.Build.0 = Release|Any CPU
		{3B1D94FE-CDA6-43E9-83ED-BF2B66648B39}.Debug|Any CPU.ActiveCfg = Debug|Any CPU
		{3B1D94FE-CDA6-43E9-83ED-BF2B66648B39}.Debug|Any CPU.Build.0 = Debug|Any CPU
		{3B1D94FE-CDA6-43E9-83ED-BF2B66648B39}.Release|Any CPU.ActiveCfg = Release|Any CPU
		{3B1D94FE-CDA6-43E9-83ED-BF2B66648B39}.Release|Any CPU.Build.0 = Release|Any CPU
	EndGlobalSection
	GlobalSection(SolutionProperties) = preSolution
		HideSolutionNode = FALSE
	EndGlobalSection
	GlobalSection(ExtensibilityGlobals) = postSolution
		SolutionGuid = {59570A37-0705-4A43-9AF4-BB30C5444358}
	EndGlobalSection
EndGlobal
